// !$*UTF8*$!
{
	archiveVersion = 1;
	classes = {
	};
	objectVersion = 46;
	objects = {

/* Begin PBXBuildFile section */
		7D0373391B49021700E2711D /* main.swift in Sources */ = {isa = PBXBuildFile; fileRef = 7D0373381B49021700E2711D /* main.swift */; };
		7D0373401B49028E00E2711D /* apous in Deploy Locally */ = {isa = PBXBuildFile; fileRef = 7D0373351B49021700E2711D /* apous */; };
		7D0F00941B4AF32F003B6EF0 /* apoustest.swift in Sources */ = {isa = PBXBuildFile; fileRef = 7D0F00931B4AF32F003B6EF0 /* apoustest.swift */; };
		7D0F00B11B4B18B6003B6EF0 /* Xcode.swift in Sources */ = {isa = PBXBuildFile; fileRef = 7D0F00B01B4B18B6003B6EF0 /* Xcode.swift */; };
		7D3AC3461B49F99B0068CC83 /* Utils.swift in Sources */ = {isa = PBXBuildFile; fileRef = 7D3AC3451B49F99B0068CC83 /* Utils.swift */; };
		7D3AC3481B49FE170068CC83 /* ErrorCodes.swift in Sources */ = {isa = PBXBuildFile; fileRef = 7D3AC3471B49FE170068CC83 /* ErrorCodes.swift */; };
		7D3AC34A1B4A37BC0068CC83 /* Tools.swift in Sources */ = {isa = PBXBuildFile; fileRef = 7D3AC3491B4A37BC0068CC83 /* Tools.swift */; };
/* End PBXBuildFile section */

/* Begin PBXCopyFilesBuildPhase section */
		7D0373331B49021700E2711D /* CopyFiles */ = {
			isa = PBXCopyFilesBuildPhase;
			buildActionMask = 2147483647;
			dstPath = /usr/share/man/man1/;
			dstSubfolderSpec = 0;
			files = (
			);
			runOnlyForDeploymentPostprocessing = 1;
		};
		7D03733F1B49026800E2711D /* Deploy Locally */ = {
			isa = PBXCopyFilesBuildPhase;
			buildActionMask = 2147483647;
			dstPath = "$(SRCROOT)/bin";
			dstSubfolderSpec = 0;
			files = (
				7D0373401B49028E00E2711D /* apous in Deploy Locally */,
			);
			name = "Deploy Locally";
			runOnlyForDeploymentPostprocessing = 0;
		};
/* End PBXCopyFilesBuildPhase section */

/* Begin PBXFileReference section */
		7D0373351B49021700E2711D /* apous */ = {isa = PBXFileReference; explicitFileType = "compiled.mach-o.executable"; includeInIndex = 0; path = apous; sourceTree = BUILT_PRODUCTS_DIR; };
		7D0373381B49021700E2711D /* main.swift */ = {isa = PBXFileReference; lastKnownFileType = sourcecode.swift; path = main.swift; sourceTree = "<group>"; };
		7D0F00911B4AF32F003B6EF0 /* apoustest.xctest */ = {isa = PBXFileReference; explicitFileType = wrapper.cfbundle; includeInIndex = 0; path = apoustest.xctest; sourceTree = BUILT_PRODUCTS_DIR; };
		7D0F00931B4AF32F003B6EF0 /* apoustest.swift */ = {isa = PBXFileReference; lastKnownFileType = sourcecode.swift; path = apoustest.swift; sourceTree = "<group>"; };
		7D0F00951B4AF32F003B6EF0 /* Info.plist */ = {isa = PBXFileReference; lastKnownFileType = text.plist.xml; path = Info.plist; sourceTree = "<group>"; };
		7D0F009A1B4AF3F1003B6EF0 /* Features.md */ = {isa = PBXFileReference; fileEncoding = 4; lastKnownFileType = net.daringfireball.markdown; path = Features.md; sourceTree = "<group>"; };
		7D0F00B01B4B18B6003B6EF0 /* Xcode.swift */ = {isa = PBXFileReference; fileEncoding = 4; lastKnownFileType = sourcecode.swift; path = Xcode.swift; sourceTree = "<group>"; };
		7D3AC3421B49F1FC0068CC83 /* README.md */ = {isa = PBXFileReference; fileEncoding = 4; lastKnownFileType = net.daringfireball.markdown; path = README.md; sourceTree = "<group>"; };
		7D3AC3441B49F62F0068CC83 /* LICENSE */ = {isa = PBXFileReference; lastKnownFileType = text; path = LICENSE; sourceTree = "<group>"; };
		7D3AC3451B49F99B0068CC83 /* Utils.swift */ = {isa = PBXFileReference; fileEncoding = 4; lastKnownFileType = sourcecode.swift; path = Utils.swift; sourceTree = "<group>"; };
		7D3AC3471B49FE170068CC83 /* ErrorCodes.swift */ = {isa = PBXFileReference; fileEncoding = 4; lastKnownFileType = sourcecode.swift; path = ErrorCodes.swift; sourceTree = "<group>"; };
		7D3AC3491B4A37BC0068CC83 /* Tools.swift */ = {isa = PBXFileReference; fileEncoding = 4; lastKnownFileType = sourcecode.swift; path = Tools.swift; sourceTree = "<group>"; };
/* End PBXFileReference section */

/* Begin PBXFrameworksBuildPhase section */
		7D0373321B49021700E2711D /* Frameworks */ = {
			isa = PBXFrameworksBuildPhase;
			buildActionMask = 2147483647;
			files = (
			);
			runOnlyForDeploymentPostprocessing = 0;
		};
		7D0F008E1B4AF32F003B6EF0 /* Frameworks */ = {
			isa = PBXFrameworksBuildPhase;
			buildActionMask = 2147483647;
			files = (
			);
			runOnlyForDeploymentPostprocessing = 0;
		};
/* End PBXFrameworksBuildPhase section */

/* Begin PBXGroup section */
		7D03732C1B49021700E2711D = {
			isa = PBXGroup;
			children = (
				7D0F00991B4AF3D9003B6EF0 /* docs */,
				7D0373371B49021700E2711D /* src */,
				7D0F00921B4AF32F003B6EF0 /* test */,
				7D0373361B49021700E2711D /* Products */,
			);
			sourceTree = "<group>";
		};
		7D0373361B49021700E2711D /* Products */ = {
			isa = PBXGroup;
			children = (
				7D0373351B49021700E2711D /* apous */,
				7D0F00911B4AF32F003B6EF0 /* apoustest.xctest */,
			);
			name = Products;
			sourceTree = "<group>";
		};
		7D0373371B49021700E2711D /* src */ = {
			isa = PBXGroup;
			children = (
				7D0373381B49021700E2711D /* main.swift */,
				7D3AC3451B49F99B0068CC83 /* Utils.swift */,
				7D3AC3471B49FE170068CC83 /* ErrorCodes.swift */,
				7D3AC3491B4A37BC0068CC83 /* Tools.swift */,
				7D0F00B01B4B18B6003B6EF0 /* Xcode.swift */,
			);
			path = src;
			sourceTree = "<group>";
		};
		7D0F00921B4AF32F003B6EF0 /* test */ = {
			isa = PBXGroup;
			children = (
				7D0F00931B4AF32F003B6EF0 /* apoustest.swift */,
				7D0F00951B4AF32F003B6EF0 /* Info.plist */,
			);
			path = test;
			sourceTree = "<group>";
		};
		7D0F00991B4AF3D9003B6EF0 /* docs */ = {
			isa = PBXGroup;
			children = (
				7D0F009A1B4AF3F1003B6EF0 /* Features.md */,
				7D3AC3441B49F62F0068CC83 /* LICENSE */,
				7D3AC3421B49F1FC0068CC83 /* README.md */,
			);
			name = docs;
			sourceTree = "<group>";
		};
/* End PBXGroup section */

/* Begin PBXNativeTarget section */
		7D0373341B49021700E2711D /* apous */ = {
			isa = PBXNativeTarget;
			buildConfigurationList = 7D03733C1B49021700E2711D /* Build configuration list for PBXNativeTarget "apous" */;
			buildPhases = (
				7D0373311B49021700E2711D /* Sources */,
				7D0373321B49021700E2711D /* Frameworks */,
				7D0373331B49021700E2711D /* CopyFiles */,
				7D03733F1B49026800E2711D /* Deploy Locally */,
			);
			buildRules = (
			);
			dependencies = (
			);
			name = apous;
			productName = apous;
			productReference = 7D0373351B49021700E2711D /* apous */;
			productType = "com.apple.product-type.tool";
		};
		7D0F00901B4AF32F003B6EF0 /* apoustest */ = {
			isa = PBXNativeTarget;
			buildConfigurationList = 7D0F00981B4AF32F003B6EF0 /* Build configuration list for PBXNativeTarget "apoustest" */;
			buildPhases = (
				7D0F008D1B4AF32F003B6EF0 /* Sources */,
				7D0F008E1B4AF32F003B6EF0 /* Frameworks */,
				7D0F008F1B4AF32F003B6EF0 /* Resources */,
			);
			buildRules = (
			);
			dependencies = (
			);
			name = apoustest;
			productName = apoustest;
			productReference = 7D0F00911B4AF32F003B6EF0 /* apoustest.xctest */;
			productType = "com.apple.product-type.bundle.unit-test";
		};
/* End PBXNativeTarget section */

/* Begin PBXProject section */
		7D03732D1B49021700E2711D /* Project object */ = {
			isa = PBXProject;
			attributes = {
				LastUpgradeCheck = 0700;
				ORGANIZATIONNAME = owensd.io;
				TargetAttributes = {
					7D0373341B49021700E2711D = {
						CreatedOnToolsVersion = 7.0;
					};
					7D0F00901B4AF32F003B6EF0 = {
						CreatedOnToolsVersion = 7.0;
					};
				};
			};
			buildConfigurationList = 7D0373301B49021700E2711D /* Build configuration list for PBXProject "apous" */;
			compatibilityVersion = "Xcode 3.2";
			developmentRegion = English;
			hasScannedForEncodings = 0;
			knownRegions = (
				en,
			);
			mainGroup = 7D03732C1B49021700E2711D;
			productRefGroup = 7D0373361B49021700E2711D /* Products */;
			projectDirPath = "";
			projectRoot = "";
			targets = (
				7D0373341B49021700E2711D /* apous */,
				7D0F00901B4AF32F003B6EF0 /* apoustest */,
			);
		};
/* End PBXProject section */

/* Begin PBXResourcesBuildPhase section */
		7D0F008F1B4AF32F003B6EF0 /* Resources */ = {
			isa = PBXResourcesBuildPhase;
			buildActionMask = 2147483647;
			files = (
			);
			runOnlyForDeploymentPostprocessing = 0;
		};
/* End PBXResourcesBuildPhase section */

/* Begin PBXSourcesBuildPhase section */
		7D0373311B49021700E2711D /* Sources */ = {
			isa = PBXSourcesBuildPhase;
			buildActionMask = 2147483647;
			files = (
				7D3AC3461B49F99B0068CC83 /* Utils.swift in Sources */,
				7D3AC3481B49FE170068CC83 /* ErrorCodes.swift in Sources */,
				7D0373391B49021700E2711D /* main.swift in Sources */,
				7D0F00B11B4B18B6003B6EF0 /* Xcode.swift in Sources */,
				7D3AC34A1B4A37BC0068CC83 /* Tools.swift in Sources */,
			);
			runOnlyForDeploymentPostprocessing = 0;
		};
		7D0F008D1B4AF32F003B6EF0 /* Sources */ = {
			isa = PBXSourcesBuildPhase;
			buildActionMask = 2147483647;
			files = (
				7D0F00941B4AF32F003B6EF0 /* apoustest.swift in Sources */,
			);
			runOnlyForDeploymentPostprocessing = 0;
		};
/* End PBXSourcesBuildPhase section */

/* Begin XCBuildConfiguration section */
		7D03733A1B49021700E2711D /* Debug */ = {
			isa = XCBuildConfiguration;
			buildSettings = {
				ALWAYS_SEARCH_USER_PATHS = NO;
				CLANG_CXX_LANGUAGE_STANDARD = "gnu++0x";
				CLANG_CXX_LIBRARY = "libc++";
				CLANG_ENABLE_MODULES = YES;
				CLANG_ENABLE_OBJC_ARC = YES;
				CLANG_WARN_BOOL_CONVERSION = YES;
				CLANG_WARN_CONSTANT_CONVERSION = YES;
				CLANG_WARN_DIRECT_OBJC_ISA_USAGE = YES_ERROR;
				CLANG_WARN_EMPTY_BODY = YES;
				CLANG_WARN_ENUM_CONVERSION = YES;
				CLANG_WARN_INT_CONVERSION = YES;
				CLANG_WARN_OBJC_ROOT_CLASS = YES_ERROR;
				CLANG_WARN_UNREACHABLE_CODE = YES;
				CLANG_WARN__DUPLICATE_METHOD_MATCH = YES;
				COPY_PHASE_STRIP = NO;
				CURRENT_PROJECT_VERSION = 0.1.1;
				DEBUG_INFORMATION_FORMAT = dwarf;
				ENABLE_STRICT_OBJC_MSGSEND = YES;
				ENABLE_TESTABILITY = YES;
				GCC_C_LANGUAGE_STANDARD = gnu99;
				GCC_DYNAMIC_NO_PIC = NO;
				GCC_NO_COMMON_BLOCKS = YES;
				GCC_OPTIMIZATION_LEVEL = 0;
				GCC_PREPROCESSOR_DEFINITIONS = (
					"DEBUG=1",
					"$(inherited)",
				);
				GCC_WARN_64_TO_32_BIT_CONVERSION = YES;
				GCC_WARN_ABOUT_RETURN_TYPE = YES_ERROR;
				GCC_WARN_UNDECLARED_SELECTOR = YES;
				GCC_WARN_UNINITIALIZED_AUTOS = YES_AGGRESSIVE;
				GCC_WARN_UNUSED_FUNCTION = YES;
				GCC_WARN_UNUSED_VARIABLE = YES;
				MACOSX_DEPLOYMENT_TARGET = 10.11;
				MTL_ENABLE_DEBUG_INFO = YES;
				ONLY_ACTIVE_ARCH = YES;
				SDKROOT = macosx;
				SWIFT_OPTIMIZATION_LEVEL = "-Onone";
			};
			name = Debug;
		};
		7D03733B1B49021700E2711D /* Release */ = {
			isa = XCBuildConfiguration;
			buildSettings = {
				ALWAYS_SEARCH_USER_PATHS = NO;
				CLANG_CXX_LANGUAGE_STANDARD = "gnu++0x";
				CLANG_CXX_LIBRARY = "libc++";
				CLANG_ENABLE_MODULES = YES;
				CLANG_ENABLE_OBJC_ARC = YES;
				CLANG_WARN_BOOL_CONVERSION = YES;
				CLANG_WARN_CONSTANT_CONVERSION = YES;
				CLANG_WARN_DIRECT_OBJC_ISA_USAGE = YES_ERROR;
				CLANG_WARN_EMPTY_BODY = YES;
				CLANG_WARN_ENUM_CONVERSION = YES;
				CLANG_WARN_INT_CONVERSION = YES;
				CLANG_WARN_OBJC_ROOT_CLASS = YES_ERROR;
				CLANG_WARN_UNREACHABLE_CODE = YES;
				CLANG_WARN__DUPLICATE_METHOD_MATCH = YES;
				COPY_PHASE_STRIP = NO;
				CURRENT_PROJECT_VERSION = 0.1.1;
				DEBUG_INFORMATION_FORMAT = "dwarf-with-dsym";
				ENABLE_NS_ASSERTIONS = NO;
				ENABLE_STRICT_OBJC_MSGSEND = YES;
				GCC_C_LANGUAGE_STANDARD = gnu99;
				GCC_NO_COMMON_BLOCKS = YES;
				GCC_WARN_64_TO_32_BIT_CONVERSION = YES;
				GCC_WARN_ABOUT_RETURN_TYPE = YES_ERROR;
				GCC_WARN_UNDECLARED_SELECTOR = YES;
				GCC_WARN_UNINITIALIZED_AUTOS = YES_AGGRESSIVE;
				GCC_WARN_UNUSED_FUNCTION = YES;
				GCC_WARN_UNUSED_VARIABLE = YES;
				MACOSX_DEPLOYMENT_TARGET = 10.11;
				MTL_ENABLE_DEBUG_INFO = NO;
				SDKROOT = macosx;
			};
			name = Release;
		};
		7D03733D1B49021700E2711D /* Debug */ = {
			isa = XCBuildConfiguration;
			buildSettings = {
				PRODUCT_NAME = "$(TARGET_NAME)";
			};
			name = Debug;
		};
		7D03733E1B49021700E2711D /* Release */ = {
			isa = XCBuildConfiguration;
			buildSettings = {
				PRODUCT_NAME = "$(TARGET_NAME)";
			};
			name = Release;
		};
		7D0F00961B4AF32F003B6EF0 /* Debug */ = {
			isa = XCBuildConfiguration;
			buildSettings = {
				COMBINE_HIDPI_IMAGES = YES;
				INFOPLIST_FILE = test/Info.plist;
				LD_RUNPATH_SEARCH_PATHS = "$(inherited) @executable_path/../Frameworks @loader_path/../Frameworks";
				PRODUCT_BUNDLE_IDENTIFIER = io.owensd.apoustest;
				PRODUCT_NAME = "$(TARGET_NAME)";
			};
			name = Debug;
		};
		7D0F00971B4AF32F003B6EF0 /* Release */ = {
			isa = XCBuildConfiguration;
			buildSettings = {
				COMBINE_HIDPI_IMAGES = YES;
				INFOPLIST_FILE = test/Info.plist;
				LD_RUNPATH_SEARCH_PATHS = "$(inherited) @executable_path/../Frameworks @loader_path/../Frameworks";
				PRODUCT_BUNDLE_IDENTIFIER = io.owensd.apoustest;
				PRODUCT_NAME = "$(TARGET_NAME)";
			};
			name = Release;
		};
/* End XCBuildConfiguration section */

/* Begin XCConfigurationList section */
		7D0373301B49021700E2711D /* Build configuration list for PBXProject "apous" */ = {
			isa = XCConfigurationList;
			buildConfigurations = (
				7D03733A1B49021700E2711D /* Debug */,
				7D03733B1B49021700E2711D /* Release */,
			);
			defaultConfigurationIsVisible = 0;
			defaultConfigurationName = Release;
		};
		7D03733C1B49021700E2711D /* Build configuration list for PBXNativeTarget "apous" */ = {
			isa = XCConfigurationList;
			buildConfigurations = (
				7D03733D1B49021700E2711D /* Debug */,
				7D03733E1B49021700E2711D /* Release */,
			);
			defaultConfigurationIsVisible = 0;
			defaultConfigurationName = Release;
		};
		7D0F00981B4AF32F003B6EF0 /* Build configuration list for PBXNativeTarget "apoustest" */ = {
			isa = XCConfigurationList;
			buildConfigurations = (
				7D0F00961B4AF32F003B6EF0 /* Debug */,
				7D0F00971B4AF32F003B6EF0 /* Release */,
			);
			defaultConfigurationIsVisible = 0;
			defaultConfigurationName = Release;
		};
/* End XCConfigurationList section */
	};
	rootObject = 7D03732D1B49021700E2711D /* Project object */;
}
