PODS:
  - Argo (1.0.3):
    - Runes (>= 1.2.2)
  - Runes (2.0.0)

DEPENDENCIES:
  - Argo (from `https://github.com/thoughtbot/Argo`, branch `td-swift-2`)

EXTERNAL SOURCES:
  Argo:
    :branch: td-swift-2
    :git: https://github.com/thoughtbot/Argo

CHECKOUT OPTIONS:
  Argo:
    :commit: 5b18ce0da13e3e6d8a3a5188cbf00bd8d5c86a0c
    :git: https://github.com/thoughtbot/Argo

SPEC CHECKSUMS:
  Argo: 541f7b9167f264ddf9c6c5d75a87e8c68e29929d
  Runes: 4fe81355f4620b76b02176222d264b33e60dba51

COCOAPODS: 0.38.0.beta.2
